
Microsoft Visual Studio Solution File, Format Version 12.00
# Visual Studio Version 16
VisualStudioVersion = 16.0.30011.22
MinimumVisualStudioVersion = 10.0.40219.1
Project("{FAE04EC0-301F-11D3-BF4B-00C04F79EFBC}") = "TheEventApp", "TheEventApp\TheEventApp.csproj", "{4BC115ED-20CE-4D1F-809D-B5C2A4D8F729}"
EndProject
Global
	GlobalSection(SolutionConfigurationPlatforms) = preSolution
		Debug|Any CPU = Debug|Any CPU
		Release|Any CPU = Release|Any CPU
	EndGlobalSection
	GlobalSection(ProjectConfigurationPlatforms) = postSolution
		{4BC115ED-20CE-4D1F-809D-B5C2A4D8F729}.Debug|Any CPU.ActiveCfg = Debug|Any CPU
		{4BC115ED-20CE-4D1F-809D-B5C2A4D8F729}.Debug|Any CPU.Build.0 = Debug|Any CPU
		{4BC115ED-20CE-4D1F-809D-B5C2A4D8F729}.Release|Any CPU.ActiveCfg = Release|Any CPU
		{4BC115ED-20CE-4D1F-809D-B5C2A4D8F729}.Release|Any CPU.Build.0 = Release|Any CPU
	EndGlobalSection
	GlobalSection(SolutionProperties) = preSolution
		HideSolutionNode = FALSE
	EndGlobalSection
	GlobalSection(ExtensibilityGlobals) = postSolution
		SolutionGuid = {A5A280B3-0FEF-4774-91E6-3FB1C2E6B65B}
	EndGlobalSection
EndGlobal
